
Microsoft Visual Studio Solution File, Format Version 12.00
# Visual Studio Version 17
VisualStudioVersion = 17.9.34728.123
MinimumVisualStudioVersion = 10.0.40219.1
Project("{FAE04EC0-301F-11D3-BF4B-00C04F79EFBC}") = "WorkerInheritance", "WorkerInheritance\WorkerInheritance.csproj", "{AB460C21-74BB-4E67-87B9-928B4F9BA600}"
EndProject
Global
	GlobalSection(SolutionConfigurationPlatforms) = preSolution
		Debug|Any CPU = Debug|Any CPU
		Release|Any CPU = Release|Any CPU
	EndGlobalSection
	GlobalSection(ProjectConfigurationPlatforms) = postSolution
		{AB460C21-74BB-4E67-87B9-928B4F9BA600}.Debug|Any CPU.ActiveCfg = Debug|Any CPU
		{AB460C21-74BB-4E67-87B9-928B4F9BA600}.Debug|Any CPU.Build.0 = Debug|Any CPU
		{AB460C21-74BB-4E67-87B9-928B4F9BA600}.Release|Any CPU.ActiveCfg = Release|Any CPU
		{AB460C21-74BB-4E67-87B9-928B4F9BA600}.Release|Any CPU.Build.0 = Release|Any CPU
	EndGlobalSection
	GlobalSection(SolutionProperties) = preSolution
		HideSolutionNode = FALSE
	EndGlobalSection
	GlobalSection(ExtensibilityGlobals) = postSolution
		SolutionGuid = {E696879F-3F89-4EB1-8AED-D21D3E7C4B4E}
	EndGlobalSection
EndGlobal
